// !$*UTF8*$!
{
	archiveVersion = 1;
	classes = {
	};
	objectVersion = 46;
	objects = {

/* Begin PBXBuildFile section */
		6F44A0DE1D62109000EEA2A4 /* FancyView.swift in Sources */ = {isa = PBXBuildFile; fileRef = 6F44A0DD1D62109000EEA2A4 /* FancyView.swift */; };
		6F44A0E11D6210E600EEA2A4 /* Constants.swift in Sources */ = {isa = PBXBuildFile; fileRef = 6F44A0E01D6210E600EEA2A4 /* Constants.swift */; };
		6F44A0E31D62149100EEA2A4 /* RoundButton.swift in Sources */ = {isa = PBXBuildFile; fileRef = 6F44A0E21D62149100EEA2A4 /* RoundButton.swift */; };
		6F44A0E51D6215EB00EEA2A4 /* FancyField.swift in Sources */ = {isa = PBXBuildFile; fileRef = 6F44A0E41D6215EB00EEA2A4 /* FancyField.swift */; };
		6F781EEF1D61F4D700A8D3E9 /* AppDelegate.swift in Sources */ = {isa = PBXBuildFile; fileRef = 6F781EEE1D61F4D700A8D3E9 /* AppDelegate.swift */; };
		6F781EF11D61F4D700A8D3E9 /* SignInVC.swift in Sources */ = {isa = PBXBuildFile; fileRef = 6F781EF01D61F4D700A8D3E9 /* SignInVC.swift */; };
		6F781EF41D61F4D700A8D3E9 /* Main.storyboard in Resources */ = {isa = PBXBuildFile; fileRef = 6F781EF21D61F4D700A8D3E9 /* Main.storyboard */; };
		6F781EF61D61F4D700A8D3E9 /* Assets.xcassets in Resources */ = {isa = PBXBuildFile; fileRef = 6F781EF51D61F4D700A8D3E9 /* Assets.xcassets */; };
		6F781EF91D61F4D700A8D3E9 /* LaunchScreen.storyboard in Resources */ = {isa = PBXBuildFile; fileRef = 6F781EF71D61F4D700A8D3E9 /* LaunchScreen.storyboard */; };
		6F781F011D61F60700A8D3E9 /* GoogleService-Info.plist in Resources */ = {isa = PBXBuildFile; fileRef = 6F781F001D61F60700A8D3E9 /* GoogleService-Info.plist */; };
		6F942E101D63472F003AA872 /* FeedVC.swift in Sources */ = {isa = PBXBuildFile; fileRef = 6F942E0F1D63472E003AA872 /* FeedVC.swift */; };
		6F942E141D638CEB003AA872 /* PostCell.swift in Sources */ = {isa = PBXBuildFile; fileRef = 6F942E131D638CEB003AA872 /* PostCell.swift */; };
		6F942E171D64534E003AA872 /* DataService.swift in Sources */ = {isa = PBXBuildFile; fileRef = 6F942E161D64534E003AA872 /* DataService.swift */; };
		6FE6AF271D647BBB0027FEFE /* Post.swift in Sources */ = {isa = PBXBuildFile; fileRef = 6FE6AF261D647BBB0027FEFE /* Post.swift */; };
		B1461E5AF68EF654A81E1C09 /* Pods_SMRTDontBluffMe.framework in Frameworks */ = {isa = PBXBuildFile; fileRef = 444CDFB0BD08C4D44CAED6EE /* Pods_SMRTDontBluffMe.framework */; };
/* End PBXBuildFile section */

/* Begin PBXFileReference section */
		427A97D9944D4080BA5E44D2 /* Pods-SMRTDontBluffMe.debug.xcconfig */ = {isa = PBXFileReference; includeInIndex = 1; lastKnownFileType = text.xcconfig; name = "Pods-SMRTDontBluffMe.debug.xcconfig"; path = "Pods/Target Support Files/Pods-SMRTDontBluffMe/Pods-SMRTDontBluffMe.debug.xcconfig"; sourceTree = "<group>"; };
		444CDFB0BD08C4D44CAED6EE /* Pods_SMRTDontBluffMe.framework */ = {isa = PBXFileReference; explicitFileType = wrapper.framework; includeInIndex = 0; path = Pods_SMRTDontBluffMe.framework; sourceTree = BUILT_PRODUCTS_DIR; };
		6F44A0DD1D62109000EEA2A4 /* FancyView.swift */ = {isa = PBXFileReference; fileEncoding = 4; lastKnownFileType = sourcecode.swift; path = FancyView.swift; sourceTree = "<group>"; };
		6F44A0E01D6210E600EEA2A4 /* Constants.swift */ = {isa = PBXFileReference; fileEncoding = 4; lastKnownFileType = sourcecode.swift; path = Constants.swift; sourceTree = "<group>"; };
		6F44A0E21D62149100EEA2A4 /* RoundButton.swift */ = {isa = PBXFileReference; fileEncoding = 4; lastKnownFileType = sourcecode.swift; path = RoundButton.swift; sourceTree = "<group>"; };
		6F44A0E41D6215EB00EEA2A4 /* FancyField.swift */ = {isa = PBXFileReference; fileEncoding = 4; lastKnownFileType = sourcecode.swift; path = FancyField.swift; sourceTree = "<group>"; };
		6F44A0E61D6226BD00EEA2A4 /* SMRTDontBluffMe.entitlements */ = {isa = PBXFileReference; lastKnownFileType = text.plist.entitlements; path = SMRTDontBluffMe.entitlements; sourceTree = "<group>"; };
		6F781EEB1D61F4D700A8D3E9 /* SMRTDontBluffMe.app */ = {isa = PBXFileReference; explicitFileType = wrapper.application; includeInIndex = 0; path = SMRTDontBluffMe.app; sourceTree = BUILT_PRODUCTS_DIR; };
		6F781EEE1D61F4D700A8D3E9 /* AppDelegate.swift */ = {isa = PBXFileReference; lastKnownFileType = sourcecode.swift; path = AppDelegate.swift; sourceTree = "<group>"; };
		6F781EF01D61F4D700A8D3E9 /* SignInVC.swift */ = {isa = PBXFileReference; lastKnownFileType = sourcecode.swift; path = SignInVC.swift; sourceTree = "<group>"; };
		6F781EF31D61F4D700A8D3E9 /* Base */ = {isa = PBXFileReference; lastKnownFileType = file.storyboard; name = Base; path = Base.lproj/Main.storyboard; sourceTree = "<group>"; };
		6F781EF51D61F4D700A8D3E9 /* Assets.xcassets */ = {isa = PBXFileReference; lastKnownFileType = folder.assetcatalog; path = Assets.xcassets; sourceTree = "<group>"; };
		6F781EF81D61F4D700A8D3E9 /* Base */ = {isa = PBXFileReference; lastKnownFileType = file.storyboard; name = Base; path = Base.lproj/LaunchScreen.storyboard; sourceTree = "<group>"; };
		6F781EFA1D61F4D700A8D3E9 /* Info.plist */ = {isa = PBXFileReference; lastKnownFileType = text.plist.xml; path = Info.plist; sourceTree = "<group>"; };
		6F781F001D61F60700A8D3E9 /* GoogleService-Info.plist */ = {isa = PBXFileReference; fileEncoding = 4; lastKnownFileType = text.plist.xml; path = "GoogleService-Info.plist"; sourceTree = "<group>"; };
		6F942E0F1D63472E003AA872 /* FeedVC.swift */ = {isa = PBXFileReference; fileEncoding = 4; lastKnownFileType = sourcecode.swift; path = FeedVC.swift; sourceTree = "<group>"; };
		6F942E131D638CEB003AA872 /* PostCell.swift */ = {isa = PBXFileReference; fileEncoding = 4; lastKnownFileType = sourcecode.swift; path = PostCell.swift; sourceTree = "<group>"; };
		6F942E161D64534E003AA872 /* DataService.swift */ = {isa = PBXFileReference; fileEncoding = 4; lastKnownFileType = sourcecode.swift; path = DataService.swift; sourceTree = "<group>"; };
		6FE6AF261D647BBB0027FEFE /* Post.swift */ = {isa = PBXFileReference; fileEncoding = 4; lastKnownFileType = sourcecode.swift; path = Post.swift; sourceTree = "<group>"; };
		8BE5AA1C9BA06C09F4D19F70 /* Pods-SMRTDontBluffMe.release.xcconfig */ = {isa = PBXFileReference; includeInIndex = 1; lastKnownFileType = text.xcconfig; name = "Pods-SMRTDontBluffMe.release.xcconfig"; path = "Pods/Target Support Files/Pods-SMRTDontBluffMe/Pods-SMRTDontBluffMe.release.xcconfig"; sourceTree = "<group>"; };
/* End PBXFileReference section */

/* Begin PBXFrameworksBuildPhase section */
		6F781EE81D61F4D700A8D3E9 /* Frameworks */ = {
			isa = PBXFrameworksBuildPhase;
			buildActionMask = 2147483647;
			files = (
				B1461E5AF68EF654A81E1C09 /* Pods_SMRTDontBluffMe.framework in Frameworks */,
			);
			runOnlyForDeploymentPostprocessing = 0;
		};
/* End PBXFrameworksBuildPhase section */

/* Begin PBXGroup section */
		10980149E75E78D6181E8A98 /* Frameworks */ = {
			isa = PBXGroup;
			children = (
				444CDFB0BD08C4D44CAED6EE /* Pods_SMRTDontBluffMe.framework */,
			);
			name = Frameworks;
			sourceTree = "<group>";
		};
		6F44A0DA1D61FAEE00EEA2A4 /* Model */ = {
			isa = PBXGroup;
			children = (
				6FE6AF261D647BBB0027FEFE /* Post.swift */,
			);
			name = Model;
			sourceTree = "<group>";
		};
		6F44A0DB1D61FAF200EEA2A4 /* View */ = {
			isa = PBXGroup;
			children = (
				6F781EF21D61F4D700A8D3E9 /* Main.storyboard */,
				6F44A0DD1D62109000EEA2A4 /* FancyView.swift */,
				6F44A0E41D6215EB00EEA2A4 /* FancyField.swift */,
				6F44A0E21D62149100EEA2A4 /* RoundButton.swift */,
				6F942E131D638CEB003AA872 /* PostCell.swift */,
			);
			name = View;
			sourceTree = "<group>";
		};
		6F44A0DC1D61FAF600EEA2A4 /* Controller */ = {
			isa = PBXGroup;
			children = (
				6F781EF01D61F4D700A8D3E9 /* SignInVC.swift */,
				6F942E0F1D63472E003AA872 /* FeedVC.swift */,
			);
			name = Controller;
			sourceTree = "<group>";
		};
		6F44A0DF1D6210DA00EEA2A4 /* Utilities */ = {
			isa = PBXGroup;
			children = (
				6F44A0E01D6210E600EEA2A4 /* Constants.swift */,
			);
			name = Utilities;
			sourceTree = "<group>";
		};
		6F781EE21D61F4D700A8D3E9 = {
			isa = PBXGroup;
			children = (
				6F781EED1D61F4D700A8D3E9 /* SMRTDontBluffMe */,
				6F781EEC1D61F4D700A8D3E9 /* Products */,
				CAB4FFAED10BEFE4B10B9206 /* Pods */,
				10980149E75E78D6181E8A98 /* Frameworks */,
			);
			sourceTree = "<group>";
		};
		6F781EEC1D61F4D700A8D3E9 /* Products */ = {
			isa = PBXGroup;
			children = (
				6F781EEB1D61F4D700A8D3E9 /* SMRTDontBluffMe.app */,
			);
			name = Products;
			sourceTree = "<group>";
		};
		6F781EED1D61F4D700A8D3E9 /* SMRTDontBluffMe */ = {
			isa = PBXGroup;
			children = (
				6F942E151D64533A003AA872 /* Services */,
				6F44A0E61D6226BD00EEA2A4 /* SMRTDontBluffMe.entitlements */,
				6F44A0DF1D6210DA00EEA2A4 /* Utilities */,
				6F44A0DC1D61FAF600EEA2A4 /* Controller */,
				6F44A0DB1D61FAF200EEA2A4 /* View */,
				6F44A0DA1D61FAEE00EEA2A4 /* Model */,
				6F781EEE1D61F4D700A8D3E9 /* AppDelegate.swift */,
				6F781EF51D61F4D700A8D3E9 /* Assets.xcassets */,
				6F781EF71D61F4D700A8D3E9 /* LaunchScreen.storyboard */,
				6F781EFA1D61F4D700A8D3E9 /* Info.plist */,
				6F781F001D61F60700A8D3E9 /* GoogleService-Info.plist */,
			);
			path = SMRTDontBluffMe;
			sourceTree = "<group>";
		};
		6F942E151D64533A003AA872 /* Services */ = {
			isa = PBXGroup;
			children = (
				6F942E161D64534E003AA872 /* DataService.swift */,
			);
			name = Services;
			sourceTree = "<group>";
		};
		CAB4FFAED10BEFE4B10B9206 /* Pods */ = {
			isa = PBXGroup;
			children = (
				427A97D9944D4080BA5E44D2 /* Pods-SMRTDontBluffMe.debug.xcconfig */,
				8BE5AA1C9BA06C09F4D19F70 /* Pods-SMRTDontBluffMe.release.xcconfig */,
			);
			name = Pods;
			sourceTree = "<group>";
		};
/* End PBXGroup section */

/* Begin PBXNativeTarget section */
		6F781EEA1D61F4D700A8D3E9 /* SMRTDontBluffMe */ = {
			isa = PBXNativeTarget;
			buildConfigurationList = 6F781EFD1D61F4D700A8D3E9 /* Build configuration list for PBXNativeTarget "SMRTDontBluffMe" */;
			buildPhases = (
				AE473B6633CF1C74E5B4CE19 /* [CP] Check Pods Manifest.lock */,
				6F781EE71D61F4D700A8D3E9 /* Sources */,
				6F781EE81D61F4D700A8D3E9 /* Frameworks */,
				6F781EE91D61F4D700A8D3E9 /* Resources */,
				8B894E72A780F3DFB05DE258 /* [CP] Embed Pods Frameworks */,
				4A96C7D32C18C4FE4DA06A03 /* [CP] Copy Pods Resources */,
			);
			buildRules = (
			);
			dependencies = (
			);
			name = SMRTDontBluffMe;
			productName = SMRTDontBluffMe;
			productReference = 6F781EEB1D61F4D700A8D3E9 /* SMRTDontBluffMe.app */;
			productType = "com.apple.product-type.application";
		};
/* End PBXNativeTarget section */

/* Begin PBXProject section */
		6F781EE31D61F4D700A8D3E9 /* Project object */ = {
			isa = PBXProject;
			attributes = {
				LastSwiftUpdateCheck = 0800;
				LastUpgradeCheck = 0800;
				ORGANIZATIONNAME = "Andrew Ng";
				TargetAttributes = {
					6F781EEA1D61F4D700A8D3E9 = {
						CreatedOnToolsVersion = 8.0;
						DevelopmentTeam = 7FUMWZ2NUV;
						LastSwiftMigration = 0800;
						ProvisioningStyle = Automatic;
						SystemCapabilities = {
							com.apple.Keychain = {
								enabled = 1;
							};
						};
					};
				};
			};
			buildConfigurationList = 6F781EE61D61F4D700A8D3E9 /* Build configuration list for PBXProject "SMRTDontBluffMe" */;
			compatibilityVersion = "Xcode 3.2";
			developmentRegion = English;
			hasScannedForEncodings = 0;
			knownRegions = (
				en,
				Base,
			);
			mainGroup = 6F781EE21D61F4D700A8D3E9;
			productRefGroup = 6F781EEC1D61F4D700A8D3E9 /* Products */;
			projectDirPath = "";
			projectRoot = "";
			targets = (
				6F781EEA1D61F4D700A8D3E9 /* SMRTDontBluffMe */,
			);
		};
/* End PBXProject section */

/* Begin PBXResourcesBuildPhase section */
		6F781EE91D61F4D700A8D3E9 /* Resources */ = {
			isa = PBXResourcesBuildPhase;
			buildActionMask = 2147483647;
			files = (
				6F781EF91D61F4D700A8D3E9 /* LaunchScreen.storyboard in Resources */,
				6F781F011D61F60700A8D3E9 /* GoogleService-Info.plist in Resources */,
				6F781EF61D61F4D700A8D3E9 /* Assets.xcassets in Resources */,
				6F781EF41D61F4D700A8D3E9 /* Main.storyboard in Resources */,
			);
			runOnlyForDeploymentPostprocessing = 0;
		};
/* End PBXResourcesBuildPhase section */

/* Begin PBXShellScriptBuildPhase section */
		4A96C7D32C18C4FE4DA06A03 /* [CP] Copy Pods Resources */ = {
			isa = PBXShellScriptBuildPhase;
			buildActionMask = 2147483647;
			files = (
			);
			inputPaths = (
			);
			name = "[CP] Copy Pods Resources";
			outputPaths = (
			);
			runOnlyForDeploymentPostprocessing = 0;
			shellPath = /bin/sh;
			shellScript = "\"${SRCROOT}/Pods/Target Support Files/Pods-SMRTDontBluffMe/Pods-SMRTDontBluffMe-resources.sh\"\n";
			showEnvVarsInLog = 0;
		};
		8B894E72A780F3DFB05DE258 /* [CP] Embed Pods Frameworks */ = {
			isa = PBXShellScriptBuildPhase;
			buildActionMask = 2147483647;
			files = (
			);
			inputPaths = (
			);
			name = "[CP] Embed Pods Frameworks";
			outputPaths = (
			);
			runOnlyForDeploymentPostprocessing = 0;
			shellPath = /bin/sh;
			shellScript = "\"${SRCROOT}/Pods/Target Support Files/Pods-SMRTDontBluffMe/Pods-SMRTDontBluffMe-frameworks.sh\"\n";
			showEnvVarsInLog = 0;
		};
		AE473B6633CF1C74E5B4CE19 /* [CP] Check Pods Manifest.lock */ = {
			isa = PBXShellScriptBuildPhase;
			buildActionMask = 2147483647;
			files = (
			);
			inputPaths = (
			);
			name = "[CP] Check Pods Manifest.lock";
			outputPaths = (
			);
			runOnlyForDeploymentPostprocessing = 0;
			shellPath = /bin/sh;
			shellScript = "diff \"${PODS_ROOT}/../Podfile.lock\" \"${PODS_ROOT}/Manifest.lock\" > /dev/null\nif [[ $? != 0 ]] ; then\n    cat << EOM\nerror: The sandbox is not in sync with the Podfile.lock. Run 'pod install' or update your CocoaPods installation.\nEOM\n    exit 1\nfi\n";
			showEnvVarsInLog = 0;
		};
/* End PBXShellScriptBuildPhase section */

/* Begin PBXSourcesBuildPhase section */
		6F781EE71D61F4D700A8D3E9 /* Sources */ = {
			isa = PBXSourcesBuildPhase;
			buildActionMask = 2147483647;
			files = (
				6F942E171D64534E003AA872 /* DataService.swift in Sources */,
				6F44A0E51D6215EB00EEA2A4 /* FancyField.swift in Sources */,
				6F942E101D63472F003AA872 /* FeedVC.swift in Sources */,
				6F781EF11D61F4D700A8D3E9 /* SignInVC.swift in Sources */,
				6F44A0E31D62149100EEA2A4 /* RoundButton.swift in Sources */,
				6F781EEF1D61F4D700A8D3E9 /* AppDelegate.swift in Sources */,
				6F44A0DE1D62109000EEA2A4 /* FancyView.swift in Sources */,
				6F44A0E11D6210E600EEA2A4 /* Constants.swift in Sources */,
				6F942E141D638CEB003AA872 /* PostCell.swift in Sources */,
				6FE6AF271D647BBB0027FEFE /* Post.swift in Sources */,
			);
			runOnlyForDeploymentPostprocessing = 0;
		};
/* End PBXSourcesBuildPhase section */

/* Begin PBXVariantGroup section */
		6F781EF21D61F4D700A8D3E9 /* Main.storyboard */ = {
			isa = PBXVariantGroup;
			children = (
				6F781EF31D61F4D700A8D3E9 /* Base */,
			);
			name = Main.storyboard;
			sourceTree = "<group>";
		};
		6F781EF71D61F4D700A8D3E9 /* LaunchScreen.storyboard */ = {
			isa = PBXVariantGroup;
			children = (
				6F781EF81D61F4D700A8D3E9 /* Base */,
			);
			name = LaunchScreen.storyboard;
			sourceTree = "<group>";
		};
/* End PBXVariantGroup section */

/* Begin XCBuildConfiguration section */
		6F781EFB1D61F4D700A8D3E9 /* Debug */ = {
			isa = XCBuildConfiguration;
			buildSettings = {
				ALWAYS_SEARCH_USER_PATHS = NO;
				CLANG_ANALYZER_NONNULL = YES;
				CLANG_CXX_LANGUAGE_STANDARD = "gnu++0x";
				CLANG_CXX_LIBRARY = "libc++";
				CLANG_ENABLE_MODULES = YES;
				CLANG_ENABLE_OBJC_ARC = YES;
				CLANG_WARN_BOOL_CONVERSION = YES;
				CLANG_WARN_CONSTANT_CONVERSION = YES;
				CLANG_WARN_DIRECT_OBJC_ISA_USAGE = YES_ERROR;
				CLANG_WARN_DOCUMENTATION_COMMENTS = YES;
				CLANG_WARN_EMPTY_BODY = YES;
				CLANG_WARN_ENUM_CONVERSION = YES;
				CLANG_WARN_INFINITE_RECURSION = YES;
				CLANG_WARN_INT_CONVERSION = YES;
				CLANG_WARN_OBJC_ROOT_CLASS = YES_ERROR;
				CLANG_WARN_SUSPICIOUS_MOVES = YES;
				CLANG_WARN_UNREACHABLE_CODE = YES;
				CLANG_WARN__DUPLICATE_METHOD_MATCH = YES;
				"CODE_SIGN_IDENTITY[sdk=iphoneos*]" = "iPhone Developer";
				COPY_PHASE_STRIP = NO;
				DEBUG_INFORMATION_FORMAT = dwarf;
				ENABLE_STRICT_OBJC_MSGSEND = YES;
				ENABLE_TESTABILITY = YES;
				GCC_C_LANGUAGE_STANDARD = gnu99;
				GCC_DYNAMIC_NO_PIC = NO;
				GCC_NO_COMMON_BLOCKS = YES;
				GCC_OPTIMIZATION_LEVEL = 0;
				GCC_PREPROCESSOR_DEFINITIONS = (
					"DEBUG=1",
					"$(inherited)",
				);
				GCC_WARN_64_TO_32_BIT_CONVERSION = YES;
				GCC_WARN_ABOUT_RETURN_TYPE = YES_ERROR;
				GCC_WARN_UNDECLARED_SELECTOR = YES;
				GCC_WARN_UNINITIALIZED_AUTOS = YES_AGGRESSIVE;
				GCC_WARN_UNUSED_FUNCTION = YES;
				GCC_WARN_UNUSED_VARIABLE = YES;
				IPHONEOS_DEPLOYMENT_TARGET = 9.3;
				MTL_ENABLE_DEBUG_INFO = YES;
				ONLY_ACTIVE_ARCH = YES;
				SDKROOT = iphoneos;
				SWIFT_ACTIVE_COMPILATION_CONDITIONS = DEBUG;
				SWIFT_OPTIMIZATION_LEVEL = "-Onone";
			};
			name = Debug;
		};
		6F781EFC1D61F4D700A8D3E9 /* Release */ = {
			isa = XCBuildConfiguration;
			buildSettings = {
				ALWAYS_SEARCH_USER_PATHS = NO;
				CLANG_ANALYZER_NONNULL = YES;
				CLANG_CXX_LANGUAGE_STANDARD = "gnu++0x";
				CLANG_CXX_LIBRARY = "libc++";
				CLANG_ENABLE_MODULES = YES;
				CLANG_ENABLE_OBJC_ARC = YES;
				CLANG_WARN_BOOL_CONVERSION = YES;
				CLANG_WARN_CONSTANT_CONVERSION = YES;
				CLANG_WARN_DIRECT_OBJC_ISA_USAGE = YES_ERROR;
				CLANG_WARN_DOCUMENTATION_COMMENTS = YES;
				CLANG_WARN_EMPTY_BODY = YES;
				CLANG_WARN_ENUM_CONVERSION = YES;
				CLANG_WARN_INFINITE_RECURSION = YES;
				CLANG_WARN_INT_CONVERSION = YES;
				CLANG_WARN_OBJC_ROOT_CLASS = YES_ERROR;
				CLANG_WARN_SUSPICIOUS_MOVES = YES;
				CLANG_WARN_UNREACHABLE_CODE = YES;
				CLANG_WARN__DUPLICATE_METHOD_MATCH = YES;
				"CODE_SIGN_IDENTITY[sdk=iphoneos*]" = "iPhone Developer";
				COPY_PHASE_STRIP = NO;
				DEBUG_INFORMATION_FORMAT = "dwarf-with-dsym";
				ENABLE_NS_ASSERTIONS = NO;
				ENABLE_STRICT_OBJC_MSGSEND = YES;
				GCC_C_LANGUAGE_STANDARD = gnu99;
				GCC_NO_COMMON_BLOCKS = YES;
				GCC_WARN_64_TO_32_BIT_CONVERSION = YES;
				GCC_WARN_ABOUT_RETURN_TYPE = YES_ERROR;
				GCC_WARN_UNDECLARED_SELECTOR = YES;
				GCC_WARN_UNINITIALIZED_AUTOS = YES_AGGRESSIVE;
				GCC_WARN_UNUSED_FUNCTION = YES;
				GCC_WARN_UNUSED_VARIABLE = YES;
				IPHONEOS_DEPLOYMENT_TARGET = 9.3;
				MTL_ENABLE_DEBUG_INFO = NO;
				SDKROOT = iphoneos;
				SWIFT_OPTIMIZATION_LEVEL = "-Owholemodule";
				VALIDATE_PRODUCT = YES;
			};
			name = Release;
		};
		6F781EFE1D61F4D700A8D3E9 /* Debug */ = {
			isa = XCBuildConfiguration;
			baseConfigurationReference = 427A97D9944D4080BA5E44D2 /* Pods-SMRTDontBluffMe.debug.xcconfig */;
			buildSettings = {
				ASSETCATALOG_COMPILER_APPICON_NAME = AppIcon;
				CODE_SIGN_ENTITLEMENTS = SMRTDontBluffMe/SMRTDontBluffMe.entitlements;
				DEVELOPMENT_TEAM = 7FUMWZ2NUV;
				INFOPLIST_FILE = SMRTDontBluffMe/Info.plist;
				IPHONEOS_DEPLOYMENT_TARGET = 9.3;
				LD_RUNPATH_SEARCH_PATHS = "$(inherited) @executable_path/Frameworks";
				PRODUCT_BUNDLE_IDENTIFIER = com.AndrewNg.SMRTDontBluffMe;
				PRODUCT_NAME = "$(TARGET_NAME)";
				SWIFT_VERSION = 3.0;
			};
			name = Debug;
		};
		6F781EFF1D61F4D700A8D3E9 /* Release */ = {
			isa = XCBuildConfiguration;
			baseConfigurationReference = 8BE5AA1C9BA06C09F4D19F70 /* Pods-SMRTDontBluffMe.release.xcconfig */;
			buildSettings = {
				ASSETCATALOG_COMPILER_APPICON_NAME = AppIcon;
				CODE_SIGN_ENTITLEMENTS = SMRTDontBluffMe/SMRTDontBluffMe.entitlements;
				DEVELOPMENT_TEAM = 7FUMWZ2NUV;
				INFOPLIST_FILE = SMRTDontBluffMe/Info.plist;
				IPHONEOS_DEPLOYMENT_TARGET = 9.3;
				LD_RUNPATH_SEARCH_PATHS = "$(inherited) @executable_path/Frameworks";
				PRODUCT_BUNDLE_IDENTIFIER = com.AndrewNg.SMRTDontBluffMe;
				PRODUCT_NAME = "$(TARGET_NAME)";
				SWIFT_VERSION = 3.0;
			};
			name = Release;
		};
/* End XCBuildConfiguration section */

/* Begin XCConfigurationList section */
		6F781EE61D61F4D700A8D3E9 /* Build configuration list for PBXProject "SMRTDontBluffMe" */ = {
			isa = XCConfigurationList;
			buildConfigurations = (
				6F781EFB1D61F4D700A8D3E9 /* Debug */,
				6F781EFC1D61F4D700A8D3E9 /* Release */,
			);
			defaultConfigurationIsVisible = 0;
			defaultConfigurationName = Release;
		};
		6F781EFD1D61F4D700A8D3E9 /* Build configuration list for PBXNativeTarget "SMRTDontBluffMe" */ = {
			isa = XCConfigurationList;
			buildConfigurations = (
				6F781EFE1D61F4D700A8D3E9 /* Debug */,
				6F781EFF1D61F4D700A8D3E9 /* Release */,
			);
			defaultConfigurationIsVisible = 0;
			defaultConfigurationName = Release;
		};
/* End XCConfigurationList section */
	};
	rootObject = 6F781EE31D61F4D700A8D3E9 /* Project object */;
}
